// !$*UTF8*$!
{
	archiveVersion = 1;
	classes = {
	};
	objectVersion = 46;
	objects = {

/* Begin PBXBuildFile section */
		95CECDA71C9E10010050B5C2 /* AppDelegate.swift in Sources */ = {isa = PBXBuildFile; fileRef = 95CECDA61C9E10010050B5C2 /* AppDelegate.swift */; };
		95CECDA91C9E10010050B5C2 /* ViewController.swift in Sources */ = {isa = PBXBuildFile; fileRef = 95CECDA81C9E10010050B5C2 /* ViewController.swift */; };
		95CECDAC1C9E10010050B5C2 /* Main.storyboard in Resources */ = {isa = PBXBuildFile; fileRef = 95CECDAA1C9E10010050B5C2 /* Main.storyboard */; };
		95CECDAE1C9E10010050B5C2 /* Assets.xcassets in Resources */ = {isa = PBXBuildFile; fileRef = 95CECDAD1C9E10010050B5C2 /* Assets.xcassets */; };
		95CECDB11C9E10010050B5C2 /* LaunchScreen.storyboard in Resources */ = {isa = PBXBuildFile; fileRef = 95CECDAF1C9E10010050B5C2 /* LaunchScreen.storyboard */; };
/* End PBXBuildFile section */

/* Begin PBXFileReference section */
		95CECDA31C9E10010050B5C2 /* MyRoshambo.app */ = {isa = PBXFileReference; explicitFileType = wrapper.application; includeInIndex = 0; path = MyRoshambo.app; sourceTree = BUILT_PRODUCTS_DIR; };
		95CECDA61C9E10010050B5C2 /* AppDelegate.swift */ = {isa = PBXFileReference; lastKnownFileType = sourcecode.swift; path = AppDelegate.swift; sourceTree = "<group>"; };
		95CECDA81C9E10010050B5C2 /* ViewController.swift */ = {isa = PBXFileReference; lastKnownFileType = sourcecode.swift; path = ViewController.swift; sourceTree = "<group>"; };
		95CECDAB1C9E10010050B5C2 /* Base */ = {isa = PBXFileReference; lastKnownFileType = file.storyboard; name = Base; path = Base.lproj/Main.storyboard; sourceTree = "<group>"; };
		95CECDAD1C9E10010050B5C2 /* Assets.xcassets */ = {isa = PBXFileReference; lastKnownFileType = folder.assetcatalog; path = Assets.xcassets; sourceTree = "<group>"; };
		95CECDB01C9E10010050B5C2 /* Base */ = {isa = PBXFileReference; lastKnownFileType = file.storyboard; name = Base; path = Base.lproj/LaunchScreen.storyboard; sourceTree = "<group>"; };
		95CECDB21C9E10010050B5C2 /* Info.plist */ = {isa = PBXFileReference; lastKnownFileType = text.plist.xml; path = Info.plist; sourceTree = "<group>"; };
/* End PBXFileReference section */

/* Begin PBXFrameworksBuildPhase section */
		95CECDA01C9E10010050B5C2 /* Frameworks */ = {
			isa = PBXFrameworksBuildPhase;
			buildActionMask = 2147483647;
			files = (
			);
			runOnlyForDeploymentPostprocessing = 0;
		};
/* End PBXFrameworksBuildPhase section */

/* Begin PBXGroup section */
		95CECD9A1C9E10010050B5C2 = {
			isa = PBXGroup;
			children = (
				95CECDA51C9E10010050B5C2 /* MyRoshambo */,
				95CECDA41C9E10010050B5C2 /* Products */,
			);
			sourceTree = "<group>";
		};
		95CECDA41C9E10010050B5C2 /* Products */ = {
			isa = PBXGroup;
			children = (
				95CECDA31C9E10010050B5C2 /* MyRoshambo.app */,
			);
			name = Products;
			sourceTree = "<group>";
		};
		95CECDA51C9E10010050B5C2 /* MyRoshambo */ = {
			isa = PBXGroup;
			children = (
				95CECDA61C9E10010050B5C2 /* AppDelegate.swift */,
				95CECDA81C9E10010050B5C2 /* ViewController.swift */,
				95CECDAA1C9E10010050B5C2 /* Main.storyboard */,
				95CECDAD1C9E10010050B5C2 /* Assets.xcassets */,
				95CECDAF1C9E10010050B5C2 /* LaunchScreen.storyboard */,
				95CECDB21C9E10010050B5C2 /* Info.plist */,
			);
			path = MyRoshambo;
			sourceTree = "<group>";
		};
/* End PBXGroup section */

/* Begin PBXNativeTarget section */
		95CECDA21C9E10010050B5C2 /* MyRoshambo */ = {
			isa = PBXNativeTarget;
			buildConfigurationList = 95CECDB51C9E10010050B5C2 /* Build configuration list for PBXNativeTarget "MyRoshambo" */;
			buildPhases = (
				95CECD9F1C9E10010050B5C2 /* Sources */,
				95CECDA01C9E10010050B5C2 /* Frameworks */,
				95CECDA11C9E10010050B5C2 /* Resources */,
			);
			buildRules = (
			);
			dependencies = (
			);
			name = MyRoshambo;
			productName = MyRoshambo;
			productReference = 95CECDA31C9E10010050B5C2 /* MyRoshambo.app */;
			productType = "com.apple.product-type.application";
		};
/* End PBXNativeTarget section */

/* Begin PBXProject section */
		95CECD9B1C9E10010050B5C2 /* Project object */ = {
			isa = PBXProject;
			attributes = {
				LastSwiftUpdateCheck = 0720;
				LastUpgradeCheck = 0720;
				ORGANIZATIONNAME = "Anna Hull";
				TargetAttributes = {
					95CECDA21C9E10010050B5C2 = {
						CreatedOnToolsVersion = 7.2.1;
					};
				};
			};
			buildConfigurationList = 95CECD9E1C9E10010050B5C2 /* Build configuration list for PBXProject "MyRoshambo" */;
			compatibilityVersion = "Xcode 3.2";
			developmentRegion = English;
			hasScannedForEncodings = 0;
			knownRegions = (
				en,
				Base,
			);
			mainGroup = 95CECD9A1C9E10010050B5C2;
			productRefGroup = 95CECDA41C9E10010050B5C2 /* Products */;
			projectDirPath = "";
			projectRoot = "";
			targets = (
				95CECDA21C9E10010050B5C2 /* MyRoshambo */,
			);
		};
/* End PBXProject section */

/* Begin PBXResourcesBuildPhase section */
		95CECDA11C9E10010050B5C2 /* Resources */ = {
			isa = PBXResourcesBuildPhase;
			buildActionMask = 2147483647;
			files = (
				95CECDB11C9E10010050B5C2 /* LaunchScreen.storyboard in Resources */,
				95CECDAE1C9E10010050B5C2 /* Assets.xcassets in Resources */,
				95CECDAC1C9E10010050B5C2 /* Main.storyboard in Resources */,
			);
			runOnlyForDeploymentPostprocessing = 0;
		};
/* End PBXResourcesBuildPhase section */

/* Begin PBXSourcesBuildPhase section */
		95CECD9F1C9E10010050B5C2 /* Sources */ = {
			isa = PBXSourcesBuildPhase;
			buildActionMask = 2147483647;
			files = (
				95CECDA91C9E10010050B5C2 /* ViewController.swift in Sources */,
				95CECDA71C9E10010050B5C2 /* AppDelegate.swift in Sources */,
			);
			runOnlyForDeploymentPostprocessing = 0;
		};
/* End PBXSourcesBuildPhase section */

/* Begin PBXVariantGroup section */
		95CECDAA1C9E10010050B5C2 /* Main.storyboard */ = {
			isa = PBXVariantGroup;
			children = (
				95CECDAB1C9E10010050B5C2 /* Base */,
			);
			name = Main.storyboard;
			sourceTree = "<group>";
		};
		95CECDAF1C9E10010050B5C2 /* LaunchScreen.storyboard */ = {
			isa = PBXVariantGroup;
			children = (
				95CECDB01C9E10010050B5C2 /* Base */,
			);
			name = LaunchScreen.storyboard;
			sourceTree = "<group>";
		};
/* End PBXVariantGroup section */

/* Begin XCBuildConfiguration section */
		95CECDB31C9E10010050B5C2 /* Debug */ = {
			isa = XCBuildConfiguration;
			buildSettings = {
				ALWAYS_SEARCH_USER_PATHS = NO;
				CLANG_CXX_LANGUAGE_STANDARD = "gnu++0x";
				CLANG_CXX_LIBRARY = "libc++";
				CLANG_ENABLE_MODULES = YES;
				CLANG_ENABLE_OBJC_ARC = YES;
				CLANG_WARN_BOOL_CONVERSION = YES;
				CLANG_WARN_CONSTANT_CONVERSION = YES;
				CLANG_WARN_DIRECT_OBJC_ISA_USAGE = YES_ERROR;
				CLANG_WARN_EMPTY_BODY = YES;
				CLANG_WARN_ENUM_CONVERSION = YES;
				CLANG_WARN_INT_CONVERSION = YES;
				CLANG_WARN_OBJC_ROOT_CLASS = YES_ERROR;
				CLANG_WARN_UNREACHABLE_CODE = YES;
				CLANG_WARN__DUPLICATE_METHOD_MATCH = YES;
				"CODE_SIGN_IDENTITY[sdk=iphoneos*]" = "iPhone Developer";
				COPY_PHASE_STRIP = NO;
				DEBUG_INFORMATION_FORMAT = dwarf;
				ENABLE_STRICT_OBJC_MSGSEND = YES;
				ENABLE_TESTABILITY = YES;
				GCC_C_LANGUAGE_STANDARD = gnu99;
				GCC_DYNAMIC_NO_PIC = NO;
				GCC_NO_COMMON_BLOCKS = YES;
				GCC_OPTIMIZATION_LEVEL = 0;
				GCC_PREPROCESSOR_DEFINITIONS = (
					"DEBUG=1",
					"$(inherited)",
				);
				GCC_WARN_64_TO_32_BIT_CONVERSION = YES;
				GCC_WARN_ABOUT_RETURN_TYPE = YES_ERROR;
				GCC_WARN_UNDECLARED_SELECTOR = YES;
				GCC_WARN_UNINITIALIZED_AUTOS = YES_AGGRESSIVE;
				GCC_WARN_UNUSED_FUNCTION = YES;
				GCC_WARN_UNUSED_VARIABLE = YES;
				IPHONEOS_DEPLOYMENT_TARGET = 9.2;
				MTL_ENABLE_DEBUG_INFO = YES;
				ONLY_ACTIVE_ARCH = YES;
				SDKROOT = iphoneos;
				SWIFT_OPTIMIZATION_LEVEL = "-Onone";
			};
			name = Debug;
		};
		95CECDB41C9E10010050B5C2 /* Release */ = {
			isa = XCBuildConfiguration;
			buildSettings = {
				ALWAYS_SEARCH_USER_PATHS = NO;
				CLANG_CXX_LANGUAGE_STANDARD = "gnu++0x";
				CLANG_CXX_LIBRARY = "libc++";
				CLANG_ENABLE_MODULES = YES;
				CLANG_ENABLE_OBJC_ARC = YES;
				CLANG_WARN_BOOL_CONVERSION = YES;
				CLANG_WARN_CONSTANT_CONVERSION = YES;
				CLANG_WARN_DIRECT_OBJC_ISA_USAGE = YES_ERROR;
				CLANG_WARN_EMPTY_BODY = YES;
				CLANG_WARN_ENUM_CONVERSION = YES;
				CLANG_WARN_INT_CONVERSION = YES;
				CLANG_WARN_OBJC_ROOT_CLASS = YES_ERROR;
				CLANG_WARN_UNREACHABLE_CODE = YES;
				CLANG_WARN__DUPLICATE_METHOD_MATCH = YES;
				"CODE_SIGN_IDENTITY[sdk=iphoneos*]" = "iPhone Developer";
				COPY_PHASE_STRIP = NO;
				DEBUG_INFORMATION_FORMAT = "dwarf-with-dsym";
				ENABLE_NS_ASSERTIONS = NO;
				ENABLE_STRICT_OBJC_MSGSEND = YES;
				GCC_C_LANGUAGE_STANDARD = gnu99;
				GCC_NO_COMMON_BLOCKS = YES;
				GCC_WARN_64_TO_32_BIT_CONVERSION = YES;
				GCC_WARN_ABOUT_RETURN_TYPE = YES_ERROR;
				GCC_WARN_UNDECLARED_SELECTOR = YES;
				GCC_WARN_UNINITIALIZED_AUTOS = YES_AGGRESSIVE;
				GCC_WARN_UNUSED_FUNCTION = YES;
				GCC_WARN_UNUSED_VARIABLE = YES;
				IPHONEOS_DEPLOYMENT_TARGET = 9.2;
				MTL_ENABLE_DEBUG_INFO = NO;
				SDKROOT = iphoneos;
				VALIDATE_PRODUCT = YES;
			};
			name = Release;
		};
		95CECDB61C9E10010050B5C2 /* Debug */ = {
			isa = XCBuildConfiguration;
			buildSettings = {
				ASSETCATALOG_COMPILER_APPICON_NAME = AppIcon;
				INFOPLIST_FILE = MyRoshambo/Info.plist;
				LD_RUNPATH_SEARCH_PATHS = "$(inherited) @executable_path/Frameworks";
				PRODUCT_BUNDLE_IDENTIFIER = com.annanymouse.MyRoshambo;
				PRODUCT_NAME = "$(TARGET_NAME)";
			};
			name = Debug;
		};
		95CECDB71C9E10010050B5C2 /* Release */ = {
			isa = XCBuildConfiguration;
			buildSettings = {
				ASSETCATALOG_COMPILER_APPICON_NAME = AppIcon;
				INFOPLIST_FILE = MyRoshambo/Info.plist;
				LD_RUNPATH_SEARCH_PATHS = "$(inherited) @executable_path/Frameworks";
				PRODUCT_BUNDLE_IDENTIFIER = com.annanymouse.MyRoshambo;
				PRODUCT_NAME = "$(TARGET_NAME)";
			};
			name = Release;
		};
/* End XCBuildConfiguration section */

/* Begin XCConfigurationList section */
		95CECD9E1C9E10010050B5C2 /* Build configuration list for PBXProject "MyRoshambo" */ = {
			isa = XCConfigurationList;
			buildConfigurations = (
				95CECDB31C9E10010050B5C2 /* Debug */,
				95CECDB41C9E10010050B5C2 /* Release */,
			);
			defaultConfigurationIsVisible = 0;
			defaultConfigurationName = Release;
		};
		95CECDB51C9E10010050B5C2 /* Build configuration list for PBXNativeTarget "MyRoshambo" */ = {
			isa = XCConfigurationList;
			buildConfigurations = (
				95CECDB61C9E10010050B5C2 /* Debug */,
				95CECDB71C9E10010050B5C2 /* Release */,
			);
			defaultConfigurationIsVisible = 0;
		};
/* End XCConfigurationList section */
	};
	rootObject = 95CECD9B1C9E10010050B5C2 /* Project object */;
}
